
Microsoft Visual Studio Solution File, Format Version 12.00
# Visual Studio Version 17
VisualStudioVersion = 17.4.33110.190
MinimumVisualStudioVersion = 10.0.40219.1
Project("{9A19103F-16F7-4668-BE54-9A1E7A4F7556}") = "DependencyTest", "DependencyTest\DependencyTest.csproj", "{8FAE72C2-36C2-43BE-AAC8-DF76EADBFC0F}"
EndProject
Project("{9A19103F-16F7-4668-BE54-9A1E7A4F7556}") = "Services", "Services\Services.csproj", "{E0DD362C-79B4-422B-9962-913511E25409}"
EndProject
Project("{FAE04EC0-301F-11D3-BF4B-00C04F79EFBC}") = "ServiceContracts", "ServiceContracts\ServiceContracts.csproj", "{01E51166-70B6-4FAB-A721-7069867AF414}"
EndProject
Global
	GlobalSection(SolutionConfigurationPlatforms) = preSolution
		Debug|Any CPU = Debug|Any CPU
		Release|Any CPU = Release|Any CPU
	EndGlobalSection
	GlobalSection(ProjectConfigurationPlatforms) = postSolution
		{8FAE72C2-36C2-43BE-AAC8-DF76EADBFC0F}.Debug|Any CPU.ActiveCfg = Debug|Any CPU
		{8FAE72C2-36C2-43BE-AAC8-DF76EADBFC0F}.Debug|Any CPU.Build.0 = Debug|Any CPU
		{8FAE72C2-36C2-43BE-AAC8-DF76EADBFC0F}.Release|Any CPU.ActiveCfg = Release|Any CPU
		{8FAE72C2-36C2-43BE-AAC8-DF76EADBFC0F}.Release|Any CPU.Build.0 = Release|Any CPU
		{E0DD362C-79B4-422B-9962-913511E25409}.Debug|Any CPU.ActiveCfg = Debug|Any CPU
		{E0DD362C-79B4-422B-9962-913511E25409}.Debug|Any CPU.Build.0 = Debug|Any CPU
		{E0DD362C-79B4-422B-9962-913511E25409}.Release|Any CPU.ActiveCfg = Release|Any CPU
		{E0DD362C-79B4-422B-9962-913511E25409}.Release|Any CPU.Build.0 = Release|Any CPU
		{01E51166-70B6-4FAB-A721-7069867AF414}.Debug|Any CPU.ActiveCfg = Debug|Any CPU
		{01E51166-70B6-4FAB-A721-7069867AF414}.Debug|Any CPU.Build.0 = Debug|Any CPU
		{01E51166-70B6-4FAB-A721-7069867AF414}.Release|Any CPU.ActiveCfg = Release|Any CPU
		{01E51166-70B6-4FAB-A721-7069867AF414}.Release|Any CPU.Build.0 = Release|Any CPU
	EndGlobalSection
	GlobalSection(SolutionProperties) = preSolution
		HideSolutionNode = FALSE
	EndGlobalSection
	GlobalSection(ExtensibilityGlobals) = postSolution
		SolutionGuid = {9781D26F-AB4E-4E11-B24B-79225D3B7C77}
	EndGlobalSection
EndGlobal
