
Microsoft Visual Studio Solution File, Format Version 12.00
# Visual Studio Version 17
VisualStudioVersion = 17.4.33110.190
MinimumVisualStudioVersion = 10.0.40219.1
Project("{9A19103F-16F7-4668-BE54-9A1E7A4F7556}") = "MVCxUnit", "MVCxUnit\MVCxUnit.csproj", "{A7A80A1D-03AA-46FB-BD89-BEB47DF4FFB2}"
EndProject
Project("{9A19103F-16F7-4668-BE54-9A1E7A4F7556}") = "CRUDTests", "CRUDTests\CRUDTests.csproj", "{AD70A6FD-5E20-42EF-B57E-6677974D48D5}"
EndProject
Project("{FAE04EC0-301F-11D3-BF4B-00C04F79EFBC}") = "Entities", "Entities\Entities.csproj", "{A2582460-7E2E-4D0E-94C7-6CE460E70BEA}"
EndProject
Project("{FAE04EC0-301F-11D3-BF4B-00C04F79EFBC}") = "ServiceContracts", "ServiceContracts\ServiceContracts.csproj", "{FA934BCE-8583-485C-B128-B2F3CC9E0173}"
EndProject
Project("{FAE04EC0-301F-11D3-BF4B-00C04F79EFBC}") = "Services", "Services\Services.csproj", "{5B68C2AA-6303-4242-A353-620852AEAC06}"
EndProject
Global
	GlobalSection(SolutionConfigurationPlatforms) = preSolution
		Debug|Any CPU = Debug|Any CPU
		Release|Any CPU = Release|Any CPU
	EndGlobalSection
	GlobalSection(ProjectConfigurationPlatforms) = postSolution
		{A7A80A1D-03AA-46FB-BD89-BEB47DF4FFB2}.Debug|Any CPU.ActiveCfg = Debug|Any CPU
		{A7A80A1D-03AA-46FB-BD89-BEB47DF4FFB2}.Debug|Any CPU.Build.0 = Debug|Any CPU
		{A7A80A1D-03AA-46FB-BD89-BEB47DF4FFB2}.Release|Any CPU.ActiveCfg = Release|Any CPU
		{A7A80A1D-03AA-46FB-BD89-BEB47DF4FFB2}.Release|Any CPU.Build.0 = Release|Any CPU
		{AD70A6FD-5E20-42EF-B57E-6677974D48D5}.Debug|Any CPU.ActiveCfg = Debug|Any CPU
		{AD70A6FD-5E20-42EF-B57E-6677974D48D5}.Debug|Any CPU.Build.0 = Debug|Any CPU
		{AD70A6FD-5E20-42EF-B57E-6677974D48D5}.Release|Any CPU.ActiveCfg = Release|Any CPU
		{AD70A6FD-5E20-42EF-B57E-6677974D48D5}.Release|Any CPU.Build.0 = Release|Any CPU
		{A2582460-7E2E-4D0E-94C7-6CE460E70BEA}.Debug|Any CPU.ActiveCfg = Debug|Any CPU
		{A2582460-7E2E-4D0E-94C7-6CE460E70BEA}.Debug|Any CPU.Build.0 = Debug|Any CPU
		{A2582460-7E2E-4D0E-94C7-6CE460E70BEA}.Release|Any CPU.ActiveCfg = Release|Any CPU
		{A2582460-7E2E-4D0E-94C7-6CE460E70BEA}.Release|Any CPU.Build.0 = Release|Any CPU
		{FA934BCE-8583-485C-B128-B2F3CC9E0173}.Debug|Any CPU.ActiveCfg = Debug|Any CPU
		{FA934BCE-8583-485C-B128-B2F3CC9E0173}.Debug|Any CPU.Build.0 = Debug|Any CPU
		{FA934BCE-8583-485C-B128-B2F3CC9E0173}.Release|Any CPU.ActiveCfg = Release|Any CPU
		{FA934BCE-8583-485C-B128-B2F3CC9E0173}.Release|Any CPU.Build.0 = Release|Any CPU
		{5B68C2AA-6303-4242-A353-620852AEAC06}.Debug|Any CPU.ActiveCfg = Debug|Any CPU
		{5B68C2AA-6303-4242-A353-620852AEAC06}.Debug|Any CPU.Build.0 = Debug|Any CPU
		{5B68C2AA-6303-4242-A353-620852AEAC06}.Release|Any CPU.ActiveCfg = Release|Any CPU
		{5B68C2AA-6303-4242-A353-620852AEAC06}.Release|Any CPU.Build.0 = Release|Any CPU
	EndGlobalSection
	GlobalSection(SolutionProperties) = preSolution
		HideSolutionNode = FALSE
	EndGlobalSection
	GlobalSection(ExtensibilityGlobals) = postSolution
		SolutionGuid = {6D780A3D-457E-472A-9C86-F3A155B3B95D}
	EndGlobalSection
EndGlobal
